<?xml version="1.0" encoding="utf-8"?>
<Project ToolsVersion="4.0" xmlns="http://schemas.microsoft.com/developer/msbuild/2003">
  <ItemGroup>
    <Filter Include="Source Files">
      <UniqueIdentifier>{4FC737F1-C7A5-4376-A066-2A32D752A2FF}</UniqueIdentifier>
      <Extensions>cpp;c;cc;cxx;def;odl;idl;hpj;bat;asm;asmx</Extensions>
    </Filter>
    <Filter Include="Source Files\states">
      <UniqueIdentifier>{5f97c002-7d98-4935-b8cd-ebadd52a5b5c}</UniqueIdentifier>
    </Filter>
    <Filter Include="Header Files">
      <UniqueIdentifier>{93995380-89BD-4b04-88EB-625FBE52EBFB}</UniqueIdentifier>
      <Extensions>h;hpp;hxx;hm;inl;inc;xsd</Extensions>
    </Filter>
    <Filter Include="Header Files\States">
      <UniqueIdentifier>{fe2bc2c7-95bc-4411-8262-d0e6ce6bb676}</UniqueIdentifier>
    </Filter>
    <Filter Include="Resource Files">
      <UniqueIdentifier>{67DA6AB6-F800-4c08-8B7A-83BB121AAD01}</UniqueIdentifier>
      <Extensions>rc;ico;cur;bmp;dlg;rc2;rct;bin;rgs;gif;jpg;jpeg;jpe;resx;tiff;tif;png;wav</Extensions>
    </Filter>
    <Filter Include="Art">
      <UniqueIdentifier>{55b394cb-1acd-46ef-bcd5-e0102e1946f8}</UniqueIdentifier>
    </Filter>
  </ItemGroup>
  <ItemGroup>
    <ClCompile Include="source\Animations.cpp">
      <Filter>Source Files</Filter>
    </ClCompile>
    <ClCompile Include="source\Animtor.cpp">
      <Filter>Source Files</Filter>
    </ClCompile>
    <ClCompile Include="source\Banner.cpp">
      <Filter>Source Files</Filter>
    </ClCompile>
    <ClCompile Include="source\game.cpp">
      <Filter>Source Files</Filter>
    </ClCompile>
    <ClCompile Include="source\main.cpp">
      <Filter>Source Files</Filter>
    </ClCompile>
    <ClCompile Include="source\player.cpp">
      <Filter>Source Files</Filter>
    </ClCompile>
    <ClCompile Include="source\square.cpp">
      <Filter>Source Files</Filter>
    </ClCompile>
    <ClCompile Include="source\state.cpp">
      <Filter>Source Files</Filter>
    </ClCompile>
    <ClCompile Include="source\statemachine.cpp">
      <Filter>Source Files</Filter>
    </ClCompile>
    <ClCompile Include="source\tappoint.cpp">
      <Filter>Source Files</Filter>
    </ClCompile>
    <ClCompile Include="source\AIMenuState.cpp">
      <Filter>Source Files\states</Filter>
    </ClCompile>
    <ClCompile Include="source\CreditState.cpp">
      <Filter>Source Files\states</Filter>
    </ClCompile>
    <ClCompile Include="source\GameMenuState.cpp">
      <Filter>Source Files\states</Filter>
    </ClCompile>
    <ClCompile Include="source\GameState.cpp">
      <Filter>Source Files\states</Filter>
    </ClCompile>
    <ClCompile Include="source\helpStates.cpp">
      <Filter>Source Files\states</Filter>
    </ClCompile>
    <ClCompile Include="source\LogoState.cpp">
      <Filter>Source Files\states</Filter>
    </ClCompile>
    <ClCompile Include="source\MenuState.cpp">
      <Filter>Source Files\states</Filter>
    </ClCompile>
    <ClCompile Include="source\NewGameState.cpp">
      <Filter>Source Files\states</Filter>
    </ClCompile>
    <ClCompile Include="source\PauseState.cpp">
      <Filter>Source Files\states</Filter>
    </ClCompile>
  </ItemGroup>
  <ItemGroup>
    <ClInclude Include="source\Animations.h">
      <Filter>Header Files</Filter>
    </ClInclude>
    <ClInclude Include="source\Animator.h">
      <Filter>Header Files</Filter>
    </ClInclude>
    <ClInclude Include="source\Atoms.h">
      <Filter>Header Files</Filter>
    </ClInclude>
    <ClInclude Include="source\Banner.h">
      <Filter>Header Files</Filter>
    </ClInclude>
    <ClInclude Include="source\game.h">
      <Filter>Header Files</Filter>
    </ClInclude>
    <ClInclude Include="source\player.h">
      <Filter>Header Files</Filter>
    </ClInclude>
    <ClInclude Include="source\resources.h">
      <Filter>Header Files</Filter>
    </ClInclude>
    <ClInclude Include="source\square.h">
      <Filter>Header Files</Filter>
    </ClInclude>
    <ClInclude Include="source\state.h">
      <Filter>Header Files</Filter>
    </ClInclude>
    <ClInclude Include="source\statemachine.h">
      <Filter>Header Files</Filter>
    </ClInclude>
    <ClInclude Include="source\tappoint.h">
      <Filter>Header Files</Filter>
    </ClInclude>
    <ClInclude Include="source\TextString.h">
      <Filter>Header Files</Filter>
    </ClInclude>
    <ClInclude Include="source\AIMenuState.h">
      <Filter>Header Files\States</Filter>
    </ClInclude>
    <ClInclude Include="source\CreditState.h">
      <Filter>Header Files\States</Filter>
    </ClInclude>
    <ClInclude Include="source\GameMenuState.h">
      <Filter>Header Files\States</Filter>
    </ClInclude>
    <ClInclude Include="source\GameState.h">
      <Filter>Header Files\States</Filter>
    </ClInclude>
    <ClInclude Include="source\helpStates.h">
      <Filter>Header Files\States</Filter>
    </ClInclude>
    <ClInclude Include="source\LogoState.h">
      <Filter>Header Files\States</Filter>
    </ClInclude>
    <ClInclude Include="source\MenuState.h">
      <Filter>Header Files\States</Filter>
    </ClInclude>
    <ClInclude Include="source\NewGameState.h">
      <Filter>Header Files\States</Filter>
    </ClInclude>
    <ClInclude Include="source\PauseState.h">
      <Filter>Header Files\States</Filter>
    </ClInclude>
    <ClInclude Include="gfx\Atoms\all_gfx.h">
      <Filter>Art</Filter>
    </ClInclude>
    <ClInclude Include="gfx\bulk\all_gfx.h">
      <Filter>Art</Filter>
    </ClInclude>
  </ItemGroup>
  <ItemGroup>
    <Image Include="data\logo.bmp">
      <Filter>Resource Files</Filter>
    </Image>
    <Image Include="data\logo_wifi.bmp">
      <Filter>Resource Files</Filter>
    </Image>
  </ItemGroup>
  <ItemGroup>
    <None Include="Makefile" />
  </ItemGroup>
</Project>